// !$*UTF8*$!
{
	archiveVersion = 1;
	classes = {
	};
	objectVersion = 50;
	objects = {

/* Begin PBXBuildFile section */
		D444D76A20DC1C66003EDA87 /* AppDelegate.swift in Sources */ = {isa = PBXBuildFile; fileRef = D444D76920DC1C66003EDA87 /* AppDelegate.swift */; };
		D444D76C20DC1C66003EDA87 /* ViewController.swift in Sources */ = {isa = PBXBuildFile; fileRef = D444D76B20DC1C66003EDA87 /* ViewController.swift */; };
		D444D76F20DC1C66003EDA87 /* Main.storyboard in Resources */ = {isa = PBXBuildFile; fileRef = D444D76D20DC1C66003EDA87 /* Main.storyboard */; };
		D444D77220DC1C66003EDA87 /* LocationDemo.xcdatamodeld in Sources */ = {isa = PBXBuildFile; fileRef = D444D77020DC1C66003EDA87 /* LocationDemo.xcdatamodeld */; };
		D444D77420DC1C68003EDA87 /* Assets.xcassets in Resources */ = {isa = PBXBuildFile; fileRef = D444D77320DC1C68003EDA87 /* Assets.xcassets */; };
		D444D77720DC1C68003EDA87 /* LaunchScreen.storyboard in Resources */ = {isa = PBXBuildFile; fileRef = D444D77520DC1C68003EDA87 /* LaunchScreen.storyboard */; };
/* End PBXBuildFile section */

/* Begin PBXFileReference section */
		D444D76620DC1C66003EDA87 /* LocationDemo.app */ = {isa = PBXFileReference; explicitFileType = wrapper.application; includeInIndex = 0; path = LocationDemo.app; sourceTree = BUILT_PRODUCTS_DIR; };
		D444D76920DC1C66003EDA87 /* AppDelegate.swift */ = {isa = PBXFileReference; lastKnownFileType = sourcecode.swift; path = AppDelegate.swift; sourceTree = "<group>"; };
		D444D76B20DC1C66003EDA87 /* ViewController.swift */ = {isa = PBXFileReference; lastKnownFileType = sourcecode.swift; path = ViewController.swift; sourceTree = "<group>"; };
		D444D76E20DC1C66003EDA87 /* Base */ = {isa = PBXFileReference; lastKnownFileType = file.storyboard; name = Base; path = Base.lproj/Main.storyboard; sourceTree = "<group>"; };
		D444D77120DC1C66003EDA87 /* LocationDemo.xcdatamodel */ = {isa = PBXFileReference; lastKnownFileType = wrapper.xcdatamodel; path = LocationDemo.xcdatamodel; sourceTree = "<group>"; };
		D444D77320DC1C68003EDA87 /* Assets.xcassets */ = {isa = PBXFileReference; lastKnownFileType = folder.assetcatalog; path = Assets.xcassets; sourceTree = "<group>"; };
		D444D77620DC1C68003EDA87 /* Base */ = {isa = PBXFileReference; lastKnownFileType = file.storyboard; name = Base; path = Base.lproj/LaunchScreen.storyboard; sourceTree = "<group>"; };
		D444D77820DC1C68003EDA87 /* Info.plist */ = {isa = PBXFileReference; lastKnownFileType = text.plist.xml; path = Info.plist; sourceTree = "<group>"; };
/* End PBXFileReference section */

/* Begin PBXFrameworksBuildPhase section */
		D444D76320DC1C66003EDA87 /* Frameworks */ = {
			isa = PBXFrameworksBuildPhase;
			buildActionMask = 2147483647;
			files = (
			);
			runOnlyForDeploymentPostprocessing = 0;
		};
/* End PBXFrameworksBuildPhase section */

/* Begin PBXGroup section */
		D444D75D20DC1C66003EDA87 = {
			isa = PBXGroup;
			children = (
				D444D76820DC1C66003EDA87 /* LocationDemo */,
				D444D76720DC1C66003EDA87 /* Products */,
			);
			sourceTree = "<group>";
		};
		D444D76720DC1C66003EDA87 /* Products */ = {
			isa = PBXGroup;
			children = (
				D444D76620DC1C66003EDA87 /* LocationDemo.app */,
			);
			name = Products;
			sourceTree = "<group>";
		};
		D444D76820DC1C66003EDA87 /* LocationDemo */ = {
			isa = PBXGroup;
			children = (
				D444D76920DC1C66003EDA87 /* AppDelegate.swift */,
				D444D76B20DC1C66003EDA87 /* ViewController.swift */,
				D444D76D20DC1C66003EDA87 /* Main.storyboard */,
				D444D77320DC1C68003EDA87 /* Assets.xcassets */,
				D444D77520DC1C68003EDA87 /* LaunchScreen.storyboard */,
				D444D77820DC1C68003EDA87 /* Info.plist */,
				D444D77020DC1C66003EDA87 /* LocationDemo.xcdatamodeld */,
			);
			path = LocationDemo;
			sourceTree = "<group>";
		};
/* End PBXGroup section */

/* Begin PBXNativeTarget section */
		D444D76520DC1C66003EDA87 /* LocationDemo */ = {
			isa = PBXNativeTarget;
			buildConfigurationList = D444D77B20DC1C68003EDA87 /* Build configuration list for PBXNativeTarget "LocationDemo" */;
			buildPhases = (
				D444D76220DC1C66003EDA87 /* Sources */,
				D444D76320DC1C66003EDA87 /* Frameworks */,
				D444D76420DC1C66003EDA87 /* Resources */,
			);
			buildRules = (
			);
			dependencies = (
			);
			name = LocationDemo;
			productName = LocationDemo;
			productReference = D444D76620DC1C66003EDA87 /* LocationDemo.app */;
			productType = "com.apple.product-type.application";
		};
/* End PBXNativeTarget section */

/* Begin PBXProject section */
		D444D75E20DC1C66003EDA87 /* Project object */ = {
			isa = PBXProject;
			attributes = {
				LastSwiftUpdateCheck = 0940;
				LastUpgradeCheck = 0940;
				ORGANIZATIONNAME = "Mohamed Sobhi Fouda";
				TargetAttributes = {
					D444D76520DC1C66003EDA87 = {
						CreatedOnToolsVersion = 9.4;
					};
				};
			};
			buildConfigurationList = D444D76120DC1C66003EDA87 /* Build configuration list for PBXProject "LocationDemo" */;
			compatibilityVersion = "Xcode 9.3";
			developmentRegion = en;
			hasScannedForEncodings = 0;
			knownRegions = (
				en,
				Base,
			);
			mainGroup = D444D75D20DC1C66003EDA87;
			productRefGroup = D444D76720DC1C66003EDA87 /* Products */;
			projectDirPath = "";
			projectRoot = "";
			targets = (
				D444D76520DC1C66003EDA87 /* LocationDemo */,
			);
		};
/* End PBXProject section */

/* Begin PBXResourcesBuildPhase section */
		D444D76420DC1C66003EDA87 /* Resources */ = {
			isa = PBXResourcesBuildPhase;
			buildActionMask = 2147483647;
			files = (
				D444D77720DC1C68003EDA87 /* LaunchScreen.storyboard in Resources */,
				D444D77420DC1C68003EDA87 /* Assets.xcassets in Resources */,
				D444D76F20DC1C66003EDA87 /* Main.storyboard in Resources */,
			);
			runOnlyForDeploymentPostprocessing = 0;
		};
/* End PBXResourcesBuildPhase section */

/* Begin PBXSourcesBuildPhase section */
		D444D76220DC1C66003EDA87 /* Sources */ = {
			isa = PBXSourcesBuildPhase;
			buildActionMask = 2147483647;
			files = (
				D444D76C20DC1C66003EDA87 /* ViewController.swift in Sources */,
				D444D76A20DC1C66003EDA87 /* AppDelegate.swift in Sources */,
				D444D77220DC1C66003EDA87 /* LocationDemo.xcdatamodeld in Sources */,
			);
			runOnlyForDeploymentPostprocessing = 0;
		};
/* End PBXSourcesBuildPhase section */

/* Begin PBXVariantGroup section */
		D444D76D20DC1C66003EDA87 /* Main.storyboard */ = {
			isa = PBXVariantGroup;
			children = (
				D444D76E20DC1C66003EDA87 /* Base */,
			);
			name = Main.storyboard;
			sourceTree = "<group>";
		};
		D444D77520DC1C68003EDA87 /* LaunchScreen.storyboard */ = {
			isa = PBXVariantGroup;
			children = (
				D444D77620DC1C68003EDA87 /* Base */,
			);
			name = LaunchScreen.storyboard;
			sourceTree = "<group>";
		};
/* End PBXVariantGroup section */

/* Begin XCBuildConfiguration section */
		D444D77920DC1C68003EDA87 /* Debug */ = {
			isa = XCBuildConfiguration;
			buildSettings = {
				ALWAYS_SEARCH_USER_PATHS = NO;
				CLANG_ANALYZER_NONNULL = YES;
				CLANG_ANALYZER_NUMBER_OBJECT_CONVERSION = YES_AGGRESSIVE;
				CLANG_CXX_LANGUAGE_STANDARD = "gnu++14";
				CLANG_CXX_LIBRARY = "libc++";
				CLANG_ENABLE_MODULES = YES;
				CLANG_ENABLE_OBJC_ARC = YES;
				CLANG_ENABLE_OBJC_WEAK = YES;
				CLANG_WARN_BLOCK_CAPTURE_AUTORELEASING = YES;
				CLANG_WARN_BOOL_CONVERSION = YES;
				CLANG_WARN_COMMA = YES;
				CLANG_WARN_CONSTANT_CONVERSION = YES;
				CLANG_WARN_DEPRECATED_OBJC_IMPLEMENTATIONS = YES;
				CLANG_WARN_DIRECT_OBJC_ISA_USAGE = YES_ERROR;
				CLANG_WARN_DOCUMENTATION_COMMENTS = YES;
				CLANG_WARN_EMPTY_BODY = YES;
				CLANG_WARN_ENUM_CONVERSION = YES;
				CLANG_WARN_INFINITE_RECURSION = YES;
				CLANG_WARN_INT_CONVERSION = YES;
				CLANG_WARN_NON_LITERAL_NULL_CONVERSION = YES;
				CLANG_WARN_OBJC_IMPLICIT_RETAIN_SELF = YES;
				CLANG_WARN_OBJC_LITERAL_CONVERSION = YES;
				CLANG_WARN_OBJC_ROOT_CLASS = YES_ERROR;
				CLANG_WARN_RANGE_LOOP_ANALYSIS = YES;
				CLANG_WARN_STRICT_PROTOTYPES = YES;
				CLANG_WARN_SUSPICIOUS_MOVE = YES;
				CLANG_WARN_UNGUARDED_AVAILABILITY = YES_AGGRESSIVE;
				CLANG_WARN_UNREACHABLE_CODE = YES;
				CLANG_WARN__DUPLICATE_METHOD_MATCH = YES;
				CODE_SIGN_IDENTITY = "iPhone Developer";
				COPY_PHASE_STRIP = NO;
				DEBUG_INFORMATION_FORMAT = dwarf;
				ENABLE_STRICT_OBJC_MSGSEND = YES;
				ENABLE_TESTABILITY = YES;
				GCC_C_LANGUAGE_STANDARD = gnu11;
				GCC_DYNAMIC_NO_PIC = NO;
				GCC_NO_COMMON_BLOCKS = YES;
				GCC_OPTIMIZATION_LEVEL = 0;
				GCC_PREPROCESSOR_DEFINITIONS = (
					"DEBUG=1",
					"$(inherited)",
				);
				GCC_WARN_64_TO_32_BIT_CONVERSION = YES;
				GCC_WARN_ABOUT_RETURN_TYPE = YES_ERROR;
				GCC_WARN_UNDECLARED_SELECTOR = YES;
				GCC_WARN_UNINITIALIZED_AUTOS = YES_AGGRESSIVE;
				GCC_WARN_UNUSED_FUNCTION = YES;
				GCC_WARN_UNUSED_VARIABLE = YES;
				IPHONEOS_DEPLOYMENT_TARGET = 11.4;
				MTL_ENABLE_DEBUG_INFO = YES;
				ONLY_ACTIVE_ARCH = YES;
				SDKROOT = iphoneos;
				SWIFT_ACTIVE_COMPILATION_CONDITIONS = DEBUG;
				SWIFT_OPTIMIZATION_LEVEL = "-Onone";
			};
			name = Debug;
		};
		D444D77A20DC1C68003EDA87 /* Release */ = {
			isa = XCBuildConfiguration;
			buildSettings = {
				ALWAYS_SEARCH_USER_PATHS = NO;
				CLANG_ANALYZER_NONNULL = YES;
				CLANG_ANALYZER_NUMBER_OBJECT_CONVERSION = YES_AGGRESSIVE;
				CLANG_CXX_LANGUAGE_STANDARD = "gnu++14";
				CLANG_CXX_LIBRARY = "libc++";
				CLANG_ENABLE_MODULES = YES;
				CLANG_ENABLE_OBJC_ARC = YES;
				CLANG_ENABLE_OBJC_WEAK = YES;
				CLANG_WARN_BLOCK_CAPTURE_AUTORELEASING = YES;
				CLANG_WARN_BOOL_CONVERSION = YES;
				CLANG_WARN_COMMA = YES;
				CLANG_WARN_CONSTANT_CONVERSION = YES;
				CLANG_WARN_DEPRECATED_OBJC_IMPLEMENTATIONS = YES;
				CLANG_WARN_DIRECT_OBJC_ISA_USAGE = YES_ERROR;
				CLANG_WARN_DOCUMENTATION_COMMENTS = YES;
				CLANG_WARN_EMPTY_BODY = YES;
				CLANG_WARN_ENUM_CONVERSION = YES;
				CLANG_WARN_INFINITE_RECURSION = YES;
				CLANG_WARN_INT_CONVERSION = YES;
				CLANG_WARN_NON_LITERAL_NULL_CONVERSION = YES;
				CLANG_WARN_OBJC_IMPLICIT_RETAIN_SELF = YES;
				CLANG_WARN_OBJC_LITERAL_CONVERSION = YES;
				CLANG_WARN_OBJC_ROOT_CLASS = YES_ERROR;
				CLANG_WARN_RANGE_LOOP_ANALYSIS = YES;
				CLANG_WARN_STRICT_PROTOTYPES = YES;
				CLANG_WARN_SUSPICIOUS_MOVE = YES;
				CLANG_WARN_UNGUARDED_AVAILABILITY = YES_AGGRESSIVE;
				CLANG_WARN_UNREACHABLE_CODE = YES;
				CLANG_WARN__DUPLICATE_METHOD_MATCH = YES;
				CODE_SIGN_IDENTITY = "iPhone Developer";
				COPY_PHASE_STRIP = NO;
				DEBUG_INFORMATION_FORMAT = "dwarf-with-dsym";
				ENABLE_NS_ASSERTIONS = NO;
				ENABLE_STRICT_OBJC_MSGSEND = YES;
				GCC_C_LANGUAGE_STANDARD = gnu11;
				GCC_NO_COMMON_BLOCKS = YES;
				GCC_WARN_64_TO_32_BIT_CONVERSION = YES;
				GCC_WARN_ABOUT_RETURN_TYPE = YES_ERROR;
				GCC_WARN_UNDECLARED_SELECTOR = YES;
				GCC_WARN_UNINITIALIZED_AUTOS = YES_AGGRESSIVE;
				GCC_WARN_UNUSED_FUNCTION = YES;
				GCC_WARN_UNUSED_VARIABLE = YES;
				IPHONEOS_DEPLOYMENT_TARGET = 11.4;
				MTL_ENABLE_DEBUG_INFO = NO;
				SDKROOT = iphoneos;
				SWIFT_COMPILATION_MODE = wholemodule;
				SWIFT_OPTIMIZATION_LEVEL = "-O";
				VALIDATE_PRODUCT = YES;
			};
			name = Release;
		};
		D444D77C20DC1C68003EDA87 /* Debug */ = {
			isa = XCBuildConfiguration;
			buildSettings = {
				ASSETCATALOG_COMPILER_APPICON_NAME = AppIcon;
				CODE_SIGN_STYLE = Automatic;
				DEVELOPMENT_TEAM = NB6843XNJU;
				INFOPLIST_FILE = LocationDemo/Info.plist;
				LD_RUNPATH_SEARCH_PATHS = (
					"$(inherited)",
					"@executable_path/Frameworks",
				);
				PRODUCT_BUNDLE_IDENTIFIER = "Mr-sobhi.LocationDemo";
				PRODUCT_NAME = "$(TARGET_NAME)";
				SWIFT_VERSION = 4.0;
				TARGETED_DEVICE_FAMILY = "1,2";
			};
			name = Debug;
		};
		D444D77D20DC1C68003EDA87 /* Release */ = {
			isa = XCBuildConfiguration;
			buildSettings = {
				ASSETCATALOG_COMPILER_APPICON_NAME = AppIcon;
				CODE_SIGN_STYLE = Automatic;
				DEVELOPMENT_TEAM = NB6843XNJU;
				INFOPLIST_FILE = LocationDemo/Info.plist;
				LD_RUNPATH_SEARCH_PATHS = (
					"$(inherited)",
					"@executable_path/Frameworks",
				);
				PRODUCT_BUNDLE_IDENTIFIER = "Mr-sobhi.LocationDemo";
				PRODUCT_NAME = "$(TARGET_NAME)";
				SWIFT_VERSION = 4.0;
				TARGETED_DEVICE_FAMILY = "1,2";
			};
			name = Release;
		};
/* End XCBuildConfiguration section */

/* Begin XCConfigurationList section */
		D444D76120DC1C66003EDA87 /* Build configuration list for PBXProject "LocationDemo" */ = {
			isa = XCConfigurationList;
			buildConfigurations = (
				D444D77920DC1C68003EDA87 /* Debug */,
				D444D77A20DC1C68003EDA87 /* Release */,
			);
			defaultConfigurationIsVisible = 0;
			defaultConfigurationName = Release;
		};
		D444D77B20DC1C68003EDA87 /* Build configuration list for PBXNativeTarget "LocationDemo" */ = {
			isa = XCConfigurationList;
			buildConfigurations = (
				D444D77C20DC1C68003EDA87 /* Debug */,
				D444D77D20DC1C68003EDA87 /* Release */,
			);
			defaultConfigurationIsVisible = 0;
			defaultConfigurationName = Release;
		};
/* End XCConfigurationList section */

/* Begin XCVersionGroup section */
		D444D77020DC1C66003EDA87 /* LocationDemo.xcdatamodeld */ = {
			isa = XCVersionGroup;
			children = (
				D444D77120DC1C66003EDA87 /* LocationDemo.xcdatamodel */,
			);
			currentVersion = D444D77120DC1C66003EDA87 /* LocationDemo.xcdatamodel */;
			path = LocationDemo.xcdatamodeld;
			sourceTree = "<group>";
			versionGroupType = wrapper.xcdatamodel;
		};
/* End XCVersionGroup section */
	};
	rootObject = D444D75E20DC1C66003EDA87 /* Project object */;
}
